{
  "name": "claude",
  "lockfileVersion": 3,
  "requires": true,
  "packages": {
    "": {
      "license": "MIT",
      "dependencies": {
        "@notambourine/brand-kit": "1.1.2"
      }
    },
    "node_modules/@notambourine/brand-kit": {
      "version": "1.1.2",
      "resolved": "https://registry.npmjs.org/@notambourine/brand-kit/-/brand-kit-1.1.2.tgz",
      "integrity": "sha512-1nm+pOkmN7v3tRZB6guOwS1TFjucaRatUyu/vhxfkRUbnhdC3O+/vPaaCqM4Y2IFXmSyKCF3vfDCbx+Nol5IDQ==",
      "license": "MIT"
    }
  }
}
