{
  "name": "claude",
  "lockfileVersion": 3,
  "requires": true,
  "packages": {
    "": {
      "dependencies": {
        "@notambourine/brand-kit": "1.0.0"
      }
    },
    "node_modules/@notambourine/brand-kit": {
      "version": "1.0.0",
      "resolved": "https://registry.npmjs.org/@notambourine/brand-kit/-/brand-kit-1.0.0.tgz",
      "integrity": "sha512-2xAAjEpR/ycPZnfkfDYXnfi20XyJNSlEDCmGIhJs8lmDBavVhO7BdXMPnBw0RpWlaLMWEjOQMW1eMgBhVcR1hg==",
      "license": "MIT"
    }
  }
}
